
Microsoft Visual Studio Solution File, Format Version 12.00
# Visual Studio Version 16
VisualStudioVersion = 16.0.31105.61
MinimumVisualStudioVersion = 10.0.40219.1
Project("{FAE04EC0-301F-11D3-BF4B-00C04F79EFBC}") = "QueryBuilder", "QueryBuilder\QueryBuilder.csproj", "{071DCFA3-8CF4-4744-B5CB-0F71F8BF1E6C}"
EndProject
Global
	GlobalSection(SolutionConfigurationPlatforms) = preSolution
		Debug|Any CPU = Debug|Any CPU
		Release|Any CPU = Release|Any CPU
	EndGlobalSection
	GlobalSection(ProjectConfigurationPlatforms) = postSolution
		{071DCFA3-8CF4-4744-B5CB-0F71F8BF1E6C}.Debug|Any CPU.ActiveCfg = Debug|Any CPU
		{071DCFA3-8CF4-4744-B5CB-0F71F8BF1E6C}.Debug|Any CPU.Build.0 = Debug|Any CPU
		{071DCFA3-8CF4-4744-B5CB-0F71F8BF1E6C}.Release|Any CPU.ActiveCfg = Release|Any CPU
		{071DCFA3-8CF4-4744-B5CB-0F71F8BF1E6C}.Release|Any CPU.Build.0 = Release|Any CPU
	EndGlobalSection
	GlobalSection(SolutionProperties) = preSolution
		HideSolutionNode = FALSE
	EndGlobalSection
	GlobalSection(ExtensibilityGlobals) = postSolution
		SolutionGuid = {70F5201E-44D8-456B-82B7-03F900B574F8}
	EndGlobalSection
EndGlobal
